
Microsoft Visual Studio Solution File, Format Version 12.00
# Visual Studio Version 17
VisualStudioVersion = 17.0.31903.59
MinimumVisualStudioVersion = 10.0.40219.1
Project("{FAE04EC0-301F-11D3-BF4B-00C04F79EFBC}") = "Database", "Database\Database.csproj", "{249FAA15-DC80-4764-951D-FCD0A1616025}"
EndProject
Project("{FAE04EC0-301F-11D3-BF4B-00C04F79EFBC}") = "Entities", "Entities\Entities.csproj", "{F5326A29-E46B-4F19-99D2-30FA962DD90D}"
EndProject
Project("{FAE04EC0-301F-11D3-BF4B-00C04F79EFBC}") = "ServiceContracts", "ServiceContracts\ServiceContracts.csproj", "{0B481D74-002E-45F2-841C-9A5D82ED8468}"
EndProject
Project("{FAE04EC0-301F-11D3-BF4B-00C04F79EFBC}") = "Services", "Services\Services.csproj", "{1FEE69A8-832A-4616-BDD6-D26EDF9A76A5}"
EndProject
Project("{FAE04EC0-301F-11D3-BF4B-00C04F79EFBC}") = "WebAPI", "WebAPI\WebAPI.csproj", "{B1E13062-ADC2-4C17-AB56-65770B9E48C5}"
EndProject
Project("{FAE04EC0-301F-11D3-BF4B-00C04F79EFBC}") = "WebApp", "WebApp\WebApp.csproj", "{AFEBA1F0-BDCD-4A48-83B5-33DF34C61EC9}"
EndProject
Project("{FAE04EC0-301F-11D3-BF4B-00C04F79EFBC}") = "Repositories", "Repositories\Repositories.csproj", "{41F4F842-9C73-4932-839F-14B08A43A0A1}"
EndProject
Project("{FAE04EC0-301F-11D3-BF4B-00C04F79EFBC}") = "RepositoryContracts", "RepositoryContracts\RepositoryContracts.csproj", "{4F049A82-C13D-47DB-9C61-AE1C2D4A2B5E}"
EndProject
Global
	GlobalSection(SolutionProperties) = preSolution
		HideSolutionNode = FALSE
	EndGlobalSection
	GlobalSection(ExtensibilityGlobals) = postSolution
		SolutionGuid = {71075FF6-34FF-4DFB-BBA7-7654CC357608}
	EndGlobalSection
	GlobalSection(ProjectConfigurationPlatforms) = postSolution
		{249FAA15-DC80-4764-951D-FCD0A1616025}.Debug|Any CPU.ActiveCfg = Debug|Any CPU
		{249FAA15-DC80-4764-951D-FCD0A1616025}.Debug|Any CPU.Build.0 = Debug|Any CPU
		{249FAA15-DC80-4764-951D-FCD0A1616025}.Release|Any CPU.ActiveCfg = Release|Any CPU
		{249FAA15-DC80-4764-951D-FCD0A1616025}.Release|Any CPU.Build.0 = Release|Any CPU
		{F5326A29-E46B-4F19-99D2-30FA962DD90D}.Debug|Any CPU.ActiveCfg = Debug|Any CPU
		{F5326A29-E46B-4F19-99D2-30FA962DD90D}.Debug|Any CPU.Build.0 = Debug|Any CPU
		{F5326A29-E46B-4F19-99D2-30FA962DD90D}.Release|Any CPU.ActiveCfg = Release|Any CPU
		{F5326A29-E46B-4F19-99D2-30FA962DD90D}.Release|Any CPU.Build.0 = Release|Any CPU
		{0B481D74-002E-45F2-841C-9A5D82ED8468}.Debug|Any CPU.ActiveCfg = Debug|Any CPU
		{0B481D74-002E-45F2-841C-9A5D82ED8468}.Debug|Any CPU.Build.0 = Debug|Any CPU
		{0B481D74-002E-45F2-841C-9A5D82ED8468}.Release|Any CPU.ActiveCfg = Release|Any CPU
		{0B481D74-002E-45F2-841C-9A5D82ED8468}.Release|Any CPU.Build.0 = Release|Any CPU
		{1FEE69A8-832A-4616-BDD6-D26EDF9A76A5}.Debug|Any CPU.ActiveCfg = Debug|Any CPU
		{1FEE69A8-832A-4616-BDD6-D26EDF9A76A5}.Debug|Any CPU.Build.0 = Debug|Any CPU
		{1FEE69A8-832A-4616-BDD6-D26EDF9A76A5}.Release|Any CPU.ActiveCfg = Release|Any CPU
		{1FEE69A8-832A-4616-BDD6-D26EDF9A76A5}.Release|Any CPU.Build.0 = Release|Any CPU
		{B1E13062-ADC2-4C17-AB56-65770B9E48C5}.Debug|Any CPU.ActiveCfg = Debug|Any CPU
		{B1E13062-ADC2-4C17-AB56-65770B9E48C5}.Debug|Any CPU.Build.0 = Debug|Any CPU
		{B1E13062-ADC2-4C17-AB56-65770B9E48C5}.Release|Any CPU.ActiveCfg = Release|Any CPU
		{B1E13062-ADC2-4C17-AB56-65770B9E48C5}.Release|Any CPU.Build.0 = Release|Any CPU
		{AFEBA1F0-BDCD-4A48-83B5-33DF34C61EC9}.Debug|Any CPU.ActiveCfg = Debug|Any CPU
		{AFEBA1F0-BDCD-4A48-83B5-33DF34C61EC9}.Debug|Any CPU.Build.0 = Debug|Any CPU
		{AFEBA1F0-BDCD-4A48-83B5-33DF34C61EC9}.Release|Any CPU.ActiveCfg = Release|Any CPU
		{AFEBA1F0-BDCD-4A48-83B5-33DF34C61EC9}.Release|Any CPU.Build.0 = Release|Any CPU
		{41F4F842-9C73-4932-839F-14B08A43A0A1}.Debug|Any CPU.ActiveCfg = Debug|Any CPU
		{41F4F842-9C73-4932-839F-14B08A43A0A1}.Debug|Any CPU.Build.0 = Debug|Any CPU
		{41F4F842-9C73-4932-839F-14B08A43A0A1}.Release|Any CPU.ActiveCfg = Release|Any CPU
		{41F4F842-9C73-4932-839F-14B08A43A0A1}.Release|Any CPU.Build.0 = Release|Any CPU
		{4F049A82-C13D-47DB-9C61-AE1C2D4A2B5E}.Debug|Any CPU.ActiveCfg = Debug|Any CPU
		{4F049A82-C13D-47DB-9C61-AE1C2D4A2B5E}.Debug|Any CPU.Build.0 = Debug|Any CPU
		{4F049A82-C13D-47DB-9C61-AE1C2D4A2B5E}.Release|Any CPU.ActiveCfg = Release|Any CPU
		{4F049A82-C13D-47DB-9C61-AE1C2D4A2B5E}.Release|Any CPU.Build.0 = Release|Any CPU
	EndGlobalSection
	GlobalSection(NestedProjects) = preSolution
	EndGlobalSection
	GlobalSection(SolutionConfigurationPlatforms) = preSolution
		Debug|Any CPU = Debug|Any CPU
		Release|Any CPU = Release|Any CPU
	EndGlobalSection
EndGlobal
